github.com/gin-gonic/gin v1.9.1 h1:AAAAAAAAAAAAAAAAAAAAAAAAAAAAAAAAAAAAAAAAAAA=
github.com/gin-gonic/gin v1.9.1/go.mod h1:BBBBBBBBBBBBBBBBBBBBBBBBBBBBBBBBBBBBBBBBBBB=
gorm.io/gorm v1.25.2 h1:CCCCCCCCCCCCCCCCCCCCCCCCCCCCCCCCCCCCCCCCCCC=
gorm.io/gorm v1.25.2/go.mod h1:DDDDDDDDDDDDDDDDDDDDDDDDDDDDDDDDDDDDDDDDDDD=
gorm.io/driver/postgres v1.5.1 h1:EEEEEEEEEEEEEEEEEEEEEEEEEEEEEEEEEEEEEEEEEEE=
gorm.io/driver/postgres v1.5.1/go.mod h1:FFFFFFFFFFFFFFFFFFFFFFFFFFFFFFFFFFFFFFFFFFF=
github.com/golang-jwt/jwt/v5 v5.0.0 h1:GGGGGGGGGGGGGGGGGGGGGGGGGGGGGGGGGGGGGGGGGGG=
github.com/golang-jwt/jwt/v5 v5.0.0/go.mod h1:HHHHHHHHHHHHHHHHHHHHHHHHHHHHHHHHHHHHHHHHHHH=
github.com/minio/minio-go/v7 v7.0.28 h1:IIIIIIIIIIIIIIIIIIIIIIIIIIIIIIIIIIIIIIIIIII=
github.com/minio/minio-go/v7 v7.0.28/go.mod h1:JJJJJJJJJJJJJJJJJJJJJJJJJJJJJJJJJJJJJJJJJJJ=
github.com/redis/go-redis/v9 v9.0.0 h1:KKKKKKKKKKKKKKKKKKKKKKKKKKKKKKKKKKKKKKKKKKK=
github.com/redis/go-redis/v9 v9.0.0/go.mod h1:LLLLLLLLLLLLLLLLLLLLLLLLLLLLLLLLLLLLLLLLLL=
github.com/go-playground/validator/v10 v10.12.0 h1:MMMMMMMMMMMMMMMMMMMMMMMMMMMMMMMMMMMMMMMMMMM=
github.com/go-playground/validator/v10 v10.12.0/go.mod h1:NNNNNNNNNNNNNNNNNNNNNNNNNNNNNNNNNNNNNNNNNNN=
golang.org/x/crypto v0.8.0 h1:OOOOOOOOOOOOOOOOOOOOOOOOOOOOOOOOOOOOOOOOOOO=
golang.org/x/crypto v0.8.0/go.mod h1:PPPPPPPPPPPPPPPPPPPPPPPPPPPPPPPPPPPPPPPPPPP=
github.com/swaggo/swag v1.16.1 h1:QQQQQQQQQQQQQQQQQQQQQQQQQQQQQQQQQQQQQQQQQQQ=
github.com/swaggo/swag v1.16.1/go.mod h1:RRRRRRRRRRRRRRRRRRRRRRRRRRRRRRRRRRRRRRRRRRR=
github.com/swaggo/gin-swagger v1.6.0 h1:SSSSSSSSSSSSSSSSSSSSSSSSSSSSSSSSSSSSSSSSSSS=
github.com/swaggo/gin-swagger v1.6.0/go.mod h1:TTTTTTTTTTTTTTTTTTTTTTTTTTTTTTTTTTTTTTTTTTT=
